
Microsoft Visual Studio Solution File, Format Version 12.00
# Visual Studio Version 17
VisualStudioVersion = 17.5.33530.505
MinimumVisualStudioVersion = 10.0.40219.1
Project("{9A19103F-16F7-4668-BE54-9A1E7A4F7556}") = "SharpCryptoCalcProg", "SharpCryptoCalcProg.csproj", "{6D419380-733A-4D30-A84C-C3F6C352DC86}"
EndProject
Project("{9A19103F-16F7-4668-BE54-9A1E7A4F7556}") = "SharpSheetToObjProg", "..\..\SharpSheetToObj\SharpSheetToObjProg\SharpSheetToObjProg.csproj", "{305FCC6F-C13F-42F2-9471-DE79FADC197F}"
EndProject
Project("{9A19103F-16F7-4668-BE54-9A1E7A4F7556}") = "SharpGoogleSheetProg", "..\..\..\03_projects\SharpGoogleSheet\SharpGoogleSheetProg\SharpGoogleSheetProg.csproj", "{C911D523-5C9A-40AF-8C5B-D2F27B23C099}"
EndProject
Project("{9A19103F-16F7-4668-BE54-9A1E7A4F7556}") = "SharpGoogleDriveProg", "..\..\..\03_projects\SharpGoogleDrive\SharpGoogleDriveProg\SharpGoogleDriveProg.csproj", "{2D8003E0-9957-46D5-8AA1-A589E1BA5B6A}"
EndProject
Project("{9A19103F-16F7-4668-BE54-9A1E7A4F7556}") = "SharpSetupProg21Private", "..\..\..\23_projects\SharpSetup21\SharpSetupProg21Private\SharpSetupProg21Private.csproj", "{458795E9-BC16-48B1-AE78-A822188488AD}"
EndProject
Project("{9A19103F-16F7-4668-BE54-9A1E7A4F7556}") = "SharpFileServiceProg", "..\..\..\03_projects\SharpFileService\SharpFileServiceProg\SharpFileServiceProg.csproj", "{3B4B27D6-FD05-4E6B-A1DB-C55C6E186F91}"
EndProject
Global
	GlobalSection(SolutionConfigurationPlatforms) = preSolution
		Debug|Any CPU = Debug|Any CPU
		Release|Any CPU = Release|Any CPU
	EndGlobalSection
	GlobalSection(ProjectConfigurationPlatforms) = postSolution
		{6D419380-733A-4D30-A84C-C3F6C352DC86}.Debug|Any CPU.ActiveCfg = Debug|Any CPU
		{6D419380-733A-4D30-A84C-C3F6C352DC86}.Debug|Any CPU.Build.0 = Debug|Any CPU
		{6D419380-733A-4D30-A84C-C3F6C352DC86}.Release|Any CPU.ActiveCfg = Release|Any CPU
		{6D419380-733A-4D30-A84C-C3F6C352DC86}.Release|Any CPU.Build.0 = Release|Any CPU
		{305FCC6F-C13F-42F2-9471-DE79FADC197F}.Debug|Any CPU.ActiveCfg = Debug|Any CPU
		{305FCC6F-C13F-42F2-9471-DE79FADC197F}.Debug|Any CPU.Build.0 = Debug|Any CPU
		{305FCC6F-C13F-42F2-9471-DE79FADC197F}.Release|Any CPU.ActiveCfg = Release|Any CPU
		{305FCC6F-C13F-42F2-9471-DE79FADC197F}.Release|Any CPU.Build.0 = Release|Any CPU
		{C911D523-5C9A-40AF-8C5B-D2F27B23C099}.Debug|Any CPU.ActiveCfg = Debug|Any CPU
		{C911D523-5C9A-40AF-8C5B-D2F27B23C099}.Debug|Any CPU.Build.0 = Debug|Any CPU
		{C911D523-5C9A-40AF-8C5B-D2F27B23C099}.Release|Any CPU.ActiveCfg = Release|Any CPU
		{C911D523-5C9A-40AF-8C5B-D2F27B23C099}.Release|Any CPU.Build.0 = Release|Any CPU
		{2D8003E0-9957-46D5-8AA1-A589E1BA5B6A}.Debug|Any CPU.ActiveCfg = Debug|Any CPU
		{2D8003E0-9957-46D5-8AA1-A589E1BA5B6A}.Debug|Any CPU.Build.0 = Debug|Any CPU
		{2D8003E0-9957-46D5-8AA1-A589E1BA5B6A}.Release|Any CPU.ActiveCfg = Release|Any CPU
		{2D8003E0-9957-46D5-8AA1-A589E1BA5B6A}.Release|Any CPU.Build.0 = Release|Any CPU
		{458795E9-BC16-48B1-AE78-A822188488AD}.Debug|Any CPU.ActiveCfg = Debug|Any CPU
		{458795E9-BC16-48B1-AE78-A822188488AD}.Debug|Any CPU.Build.0 = Debug|Any CPU
		{458795E9-BC16-48B1-AE78-A822188488AD}.Release|Any CPU.ActiveCfg = Release|Any CPU
		{458795E9-BC16-48B1-AE78-A822188488AD}.Release|Any CPU.Build.0 = Release|Any CPU
		{3B4B27D6-FD05-4E6B-A1DB-C55C6E186F91}.Debug|Any CPU.ActiveCfg = Debug|Any CPU
		{3B4B27D6-FD05-4E6B-A1DB-C55C6E186F91}.Debug|Any CPU.Build.0 = Debug|Any CPU
		{3B4B27D6-FD05-4E6B-A1DB-C55C6E186F91}.Release|Any CPU.ActiveCfg = Release|Any CPU
		{3B4B27D6-FD05-4E6B-A1DB-C55C6E186F91}.Release|Any CPU.Build.0 = Release|Any CPU
	EndGlobalSection
	GlobalSection(SolutionProperties) = preSolution
		HideSolutionNode = FALSE
	EndGlobalSection
	GlobalSection(ExtensibilityGlobals) = postSolution
		SolutionGuid = {94D33D90-F9D9-4D0C-B13F-840660DBF698}
	EndGlobalSection
EndGlobal
