
Microsoft Visual Studio Solution File, Format Version 12.00
# Visual Studio Version 17
VisualStudioVersion = 17.5.33530.505
MinimumVisualStudioVersion = 10.0.40219.1
Project("{9A19103F-16F7-4668-BE54-9A1E7A4F7556}") = "SharpSeleniumProg", "..\..\SharpSelenium\SharpSeleniumProg\SharpSeleniumProg.csproj", "{E717795F-E73B-48B2-A076-E5D8BF12B5B7}"
EndProject
Project("{9A19103F-16F7-4668-BE54-9A1E7A4F7556}") = "SharpHttpRequesterProg", "..\..\SharpHttpRequester\SharpHttpRequesterProg\SharpHttpRequesterProg.csproj", "{F8215E36-50CF-4923-98EE-A9865B66DA71}"
EndProject
Project("{9A19103F-16F7-4668-BE54-9A1E7A4F7556}") = "SharpSQLiteProj", "..\..\SharpSQLite\SharpSQLiteProj\SharpSQLiteProj\SharpSQLiteProj.csproj", "{7C4DC4F5-70C2-4767-9AB8-737ABA9E5D08}"
EndProject
Project("{9A19103F-16F7-4668-BE54-9A1E7A4F7556}") = "SharpTinderComplexTests", "SharpTinderComplexTests.csproj", "{2D3B97C1-1830-4CF8-A6B7-5B8019973EFF}"
EndProject
Project("{9A19103F-16F7-4668-BE54-9A1E7A4F7556}") = "SharpFileServiceProg", "..\..\..\17_projects\03_projects\SharpFileService\SharpFileServiceProg\SharpFileServiceProg.csproj", "{FE70C3CC-C2C1-41C6-B41A-90C4D8006E27}"
EndProject
Project("{9A19103F-16F7-4668-BE54-9A1E7A4F7556}") = "SharpConfigProg", "..\..\..\17_projects\03_projects\SharpConfig\SharpConfigProg\SharpConfigProg.csproj", "{991DCE6D-B4FB-4C7C-91E0-98CA52FEAD72}"
EndProject
Project("{9A19103F-16F7-4668-BE54-9A1E7A4F7556}") = "SharpRepoServiceProg", "..\..\..\17_projects\03_projects\SharpRepoService\SharpRepoServiceProg\SharpRepoServiceProg.csproj", "{2AC1B0D9-A29D-4ADD-8008-0DF190A4CEFD}"
EndProject
Global
	GlobalSection(SolutionConfigurationPlatforms) = preSolution
		Debug|Any CPU = Debug|Any CPU
		Release|Any CPU = Release|Any CPU
	EndGlobalSection
	GlobalSection(ProjectConfigurationPlatforms) = postSolution
		{E717795F-E73B-48B2-A076-E5D8BF12B5B7}.Debug|Any CPU.ActiveCfg = Debug|Any CPU
		{E717795F-E73B-48B2-A076-E5D8BF12B5B7}.Debug|Any CPU.Build.0 = Debug|Any CPU
		{E717795F-E73B-48B2-A076-E5D8BF12B5B7}.Release|Any CPU.ActiveCfg = Release|Any CPU
		{E717795F-E73B-48B2-A076-E5D8BF12B5B7}.Release|Any CPU.Build.0 = Release|Any CPU
		{F8215E36-50CF-4923-98EE-A9865B66DA71}.Debug|Any CPU.ActiveCfg = Debug|Any CPU
		{F8215E36-50CF-4923-98EE-A9865B66DA71}.Debug|Any CPU.Build.0 = Debug|Any CPU
		{F8215E36-50CF-4923-98EE-A9865B66DA71}.Release|Any CPU.ActiveCfg = Release|Any CPU
		{F8215E36-50CF-4923-98EE-A9865B66DA71}.Release|Any CPU.Build.0 = Release|Any CPU
		{7C4DC4F5-70C2-4767-9AB8-737ABA9E5D08}.Debug|Any CPU.ActiveCfg = Debug|Any CPU
		{7C4DC4F5-70C2-4767-9AB8-737ABA9E5D08}.Debug|Any CPU.Build.0 = Debug|Any CPU
		{7C4DC4F5-70C2-4767-9AB8-737ABA9E5D08}.Release|Any CPU.ActiveCfg = Release|Any CPU
		{7C4DC4F5-70C2-4767-9AB8-737ABA9E5D08}.Release|Any CPU.Build.0 = Release|Any CPU
		{2D3B97C1-1830-4CF8-A6B7-5B8019973EFF}.Debug|Any CPU.ActiveCfg = Debug|Any CPU
		{2D3B97C1-1830-4CF8-A6B7-5B8019973EFF}.Debug|Any CPU.Build.0 = Debug|Any CPU
		{2D3B97C1-1830-4CF8-A6B7-5B8019973EFF}.Release|Any CPU.ActiveCfg = Release|Any CPU
		{2D3B97C1-1830-4CF8-A6B7-5B8019973EFF}.Release|Any CPU.Build.0 = Release|Any CPU
		{FE70C3CC-C2C1-41C6-B41A-90C4D8006E27}.Debug|Any CPU.ActiveCfg = Debug|Any CPU
		{FE70C3CC-C2C1-41C6-B41A-90C4D8006E27}.Debug|Any CPU.Build.0 = Debug|Any CPU
		{FE70C3CC-C2C1-41C6-B41A-90C4D8006E27}.Release|Any CPU.ActiveCfg = Release|Any CPU
		{FE70C3CC-C2C1-41C6-B41A-90C4D8006E27}.Release|Any CPU.Build.0 = Release|Any CPU
		{991DCE6D-B4FB-4C7C-91E0-98CA52FEAD72}.Debug|Any CPU.ActiveCfg = Debug|Any CPU
		{991DCE6D-B4FB-4C7C-91E0-98CA52FEAD72}.Debug|Any CPU.Build.0 = Debug|Any CPU
		{991DCE6D-B4FB-4C7C-91E0-98CA52FEAD72}.Release|Any CPU.ActiveCfg = Release|Any CPU
		{991DCE6D-B4FB-4C7C-91E0-98CA52FEAD72}.Release|Any CPU.Build.0 = Release|Any CPU
		{2AC1B0D9-A29D-4ADD-8008-0DF190A4CEFD}.Debug|Any CPU.ActiveCfg = Debug|Any CPU
		{2AC1B0D9-A29D-4ADD-8008-0DF190A4CEFD}.Debug|Any CPU.Build.0 = Debug|Any CPU
		{2AC1B0D9-A29D-4ADD-8008-0DF190A4CEFD}.Release|Any CPU.ActiveCfg = Release|Any CPU
		{2AC1B0D9-A29D-4ADD-8008-0DF190A4CEFD}.Release|Any CPU.Build.0 = Release|Any CPU
	EndGlobalSection
	GlobalSection(SolutionProperties) = preSolution
		HideSolutionNode = FALSE
	EndGlobalSection
	GlobalSection(ExtensibilityGlobals) = postSolution
		SolutionGuid = {28AE72B6-663D-4248-B630-600323A504F4}
	EndGlobalSection
EndGlobal
